// !$*UTF8*$!
{
	archiveVersion = 1;
	classes = {
	};
	objectVersion = 50;
	objects = {

/* Begin PBXBuildFile section */
		948AED3C2110EB8A006102E8 /* AppDelegate.swift in Sources */ = {isa = PBXBuildFile; fileRef = 948AED3B2110EB8A006102E8 /* AppDelegate.swift */; };
		948AED412110EB8A006102E8 /* Main.storyboard in Resources */ = {isa = PBXBuildFile; fileRef = 948AED3F2110EB8A006102E8 /* Main.storyboard */; };
		948AED432110EBB3006102E8 /* Assets.xcassets in Resources */ = {isa = PBXBuildFile; fileRef = 948AED422110EBB3006102E8 /* Assets.xcassets */; };
		948AED462110EBB3006102E8 /* LaunchScreen.storyboard in Resources */ = {isa = PBXBuildFile; fileRef = 948AED442110EBB3006102E8 /* LaunchScreen.storyboard */; };
		948AED4F2110ED5E006102E8 /* PetModel.swift in Sources */ = {isa = PBXBuildFile; fileRef = 948AED4E2110ED5E006102E8 /* PetModel.swift */; };
		948AED522110EE1B006102E8 /* PetController.swift in Sources */ = {isa = PBXBuildFile; fileRef = 948AED512110EE1B006102E8 /* PetController.swift */; };
		948AED552110F173006102E8 /* PetTableViewController.swift in Sources */ = {isa = PBXBuildFile; fileRef = 948AED542110F173006102E8 /* PetTableViewController.swift */; };
/* End PBXBuildFile section */

/* Begin PBXFileReference section */
		948AED382110EB8A006102E8 /* Newpets.app */ = {isa = PBXFileReference; explicitFileType = wrapper.application; includeInIndex = 0; path = Newpets.app; sourceTree = BUILT_PRODUCTS_DIR; };
		948AED3B2110EB8A006102E8 /* AppDelegate.swift */ = {isa = PBXFileReference; lastKnownFileType = sourcecode.swift; path = AppDelegate.swift; sourceTree = "<group>"; };
		948AED402110EB8A006102E8 /* Base */ = {isa = PBXFileReference; lastKnownFileType = file.storyboard; name = Base; path = Base.lproj/Main.storyboard; sourceTree = "<group>"; };
		948AED422110EBB3006102E8 /* Assets.xcassets */ = {isa = PBXFileReference; lastKnownFileType = folder.assetcatalog; path = Assets.xcassets; sourceTree = "<group>"; };
		948AED452110EBB3006102E8 /* Base */ = {isa = PBXFileReference; lastKnownFileType = file.storyboard; name = Base; path = Base.lproj/LaunchScreen.storyboard; sourceTree = "<group>"; };
		948AED472110EBB3006102E8 /* Info.plist */ = {isa = PBXFileReference; lastKnownFileType = text.plist.xml; path = Info.plist; sourceTree = "<group>"; };
		948AED4E2110ED5E006102E8 /* PetModel.swift */ = {isa = PBXFileReference; lastKnownFileType = sourcecode.swift; path = PetModel.swift; sourceTree = "<group>"; };
		948AED512110EE1B006102E8 /* PetController.swift */ = {isa = PBXFileReference; lastKnownFileType = sourcecode.swift; path = PetController.swift; sourceTree = "<group>"; };
		948AED542110F173006102E8 /* PetTableViewController.swift */ = {isa = PBXFileReference; lastKnownFileType = sourcecode.swift; path = PetTableViewController.swift; sourceTree = "<group>"; };
/* End PBXFileReference section */

/* Begin PBXFrameworksBuildPhase section */
		948AED352110EB8A006102E8 /* Frameworks */ = {
			isa = PBXFrameworksBuildPhase;
			buildActionMask = 2147483647;
			files = (
			);
			runOnlyForDeploymentPostprocessing = 0;
		};
/* End PBXFrameworksBuildPhase section */

/* Begin PBXGroup section */
		948AED2F2110EB8A006102E8 = {
			isa = PBXGroup;
			children = (
				948AED3A2110EB8A006102E8 /* Newpets */,
				948AED392110EB8A006102E8 /* Products */,
			);
			sourceTree = "<group>";
		};
		948AED392110EB8A006102E8 /* Products */ = {
			isa = PBXGroup;
			children = (
				948AED382110EB8A006102E8 /* Newpets.app */,
			);
			name = Products;
			sourceTree = "<group>";
		};
		948AED3A2110EB8A006102E8 /* Newpets */ = {
			isa = PBXGroup;
			children = (
				948AED4D2110ED20006102E8 /* model */,
				948AED502110EDD1006102E8 /* PetController */,
				948AED532110F0D4006102E8 /* viewcontroller */,
				948AED3B2110EB8A006102E8 /* AppDelegate.swift */,
				948AED3F2110EB8A006102E8 /* Main.storyboard */,
				948AED422110EBB3006102E8 /* Assets.xcassets */,
				948AED442110EBB3006102E8 /* LaunchScreen.storyboard */,
				948AED472110EBB3006102E8 /* Info.plist */,
			);
			path = Newpets;
			sourceTree = "<group>";
		};
		948AED4D2110ED20006102E8 /* model */ = {
			isa = PBXGroup;
			children = (
				948AED4E2110ED5E006102E8 /* PetModel.swift */,
			);
			path = model;
			sourceTree = "<group>";
		};
		948AED502110EDD1006102E8 /* PetController */ = {
			isa = PBXGroup;
			children = (
				948AED512110EE1B006102E8 /* PetController.swift */,
			);
			path = PetController;
			sourceTree = "<group>";
		};
		948AED532110F0D4006102E8 /* viewcontroller */ = {
			isa = PBXGroup;
			children = (
				948AED542110F173006102E8 /* PetTableViewController.swift */,
			);
			path = viewcontroller;
			sourceTree = "<group>";
		};
/* End PBXGroup section */

/* Begin PBXNativeTarget section */
		948AED372110EB8A006102E8 /* Newpets */ = {
			isa = PBXNativeTarget;
			buildConfigurationList = 948AED4A2110EBB3006102E8 /* Build configuration list for PBXNativeTarget "Newpets" */;
			buildPhases = (
				948AED342110EB8A006102E8 /* Sources */,
				948AED352110EB8A006102E8 /* Frameworks */,
				948AED362110EB8A006102E8 /* Resources */,
			);
			buildRules = (
			);
			dependencies = (
			);
			name = Newpets;
			productName = Newpets;
			productReference = 948AED382110EB8A006102E8 /* Newpets.app */;
			productType = "com.apple.product-type.application";
		};
/* End PBXNativeTarget section */

/* Begin PBXProject section */
		948AED302110EB8A006102E8 /* Project object */ = {
			isa = PBXProject;
			attributes = {
				LastSwiftUpdateCheck = 0940;
				LastUpgradeCheck = 0940;
				ORGANIZATIONNAME = "Iyin Raphael";
				TargetAttributes = {
					948AED372110EB8A006102E8 = {
						CreatedOnToolsVersion = 9.4.1;
					};
				};
			};
			buildConfigurationList = 948AED332110EB8A006102E8 /* Build configuration list for PBXProject "Newpets" */;
			compatibilityVersion = "Xcode 9.3";
			developmentRegion = en;
			hasScannedForEncodings = 0;
			knownRegions = (
				en,
				Base,
			);
			mainGroup = 948AED2F2110EB8A006102E8;
			productRefGroup = 948AED392110EB8A006102E8 /* Products */;
			projectDirPath = "";
			projectRoot = "";
			targets = (
				948AED372110EB8A006102E8 /* Newpets */,
			);
		};
/* End PBXProject section */

/* Begin PBXResourcesBuildPhase section */
		948AED362110EB8A006102E8 /* Resources */ = {
			isa = PBXResourcesBuildPhase;
			buildActionMask = 2147483647;
			files = (
				948AED462110EBB3006102E8 /* LaunchScreen.storyboard in Resources */,
				948AED432110EBB3006102E8 /* Assets.xcassets in Resources */,
				948AED412110EB8A006102E8 /* Main.storyboard in Resources */,
			);
			runOnlyForDeploymentPostprocessing = 0;
		};
/* End PBXResourcesBuildPhase section */

/* Begin PBXSourcesBuildPhase section */
		948AED342110EB8A006102E8 /* Sources */ = {
			isa = PBXSourcesBuildPhase;
			buildActionMask = 2147483647;
			files = (
				948AED522110EE1B006102E8 /* PetController.swift in Sources */,
				948AED3C2110EB8A006102E8 /* AppDelegate.swift in Sources */,
				948AED4F2110ED5E006102E8 /* PetModel.swift in Sources */,
				948AED552110F173006102E8 /* PetTableViewController.swift in Sources */,
			);
			runOnlyForDeploymentPostprocessing = 0;
		};
/* End PBXSourcesBuildPhase section */

/* Begin PBXVariantGroup section */
		948AED3F2110EB8A006102E8 /* Main.storyboard */ = {
			isa = PBXVariantGroup;
			children = (
				948AED402110EB8A006102E8 /* Base */,
			);
			name = Main.storyboard;
			sourceTree = "<group>";
		};
		948AED442110EBB3006102E8 /* LaunchScreen.storyboard */ = {
			isa = PBXVariantGroup;
			children = (
				948AED452110EBB3006102E8 /* Base */,
			);
			name = LaunchScreen.storyboard;
			sourceTree = "<group>";
		};
/* End PBXVariantGroup section */

/* Begin XCBuildConfiguration section */
		948AED482110EBB3006102E8 /* Debug */ = {
			isa = XCBuildConfiguration;
			buildSettings = {
				ALWAYS_SEARCH_USER_PATHS = NO;
				CLANG_ANALYZER_NONNULL = YES;
				CLANG_ANALYZER_NUMBER_OBJECT_CONVERSION = YES_AGGRESSIVE;
				CLANG_CXX_LANGUAGE_STANDARD = "gnu++14";
				CLANG_CXX_LIBRARY = "libc++";
				CLANG_ENABLE_MODULES = YES;
				CLANG_ENABLE_OBJC_ARC = YES;
				CLANG_ENABLE_OBJC_WEAK = YES;
				CLANG_WARN_BLOCK_CAPTURE_AUTORELEASING = YES;
				CLANG_WARN_BOOL_CONVERSION = YES;
				CLANG_WARN_COMMA = YES;
				CLANG_WARN_CONSTANT_CONVERSION = YES;
				CLANG_WARN_DEPRECATED_OBJC_IMPLEMENTATIONS = YES;
				CLANG_WARN_DIRECT_OBJC_ISA_USAGE = YES_ERROR;
				CLANG_WARN_DOCUMENTATION_COMMENTS = YES;
				CLANG_WARN_EMPTY_BODY = YES;
				CLANG_WARN_ENUM_CONVERSION = YES;
				CLANG_WARN_INFINITE_RECURSION = YES;
				CLANG_WARN_INT_CONVERSION = YES;
				CLANG_WARN_NON_LITERAL_NULL_CONVERSION = YES;
				CLANG_WARN_OBJC_IMPLICIT_RETAIN_SELF = YES;
				CLANG_WARN_OBJC_LITERAL_CONVERSION = YES;
				CLANG_WARN_OBJC_ROOT_CLASS = YES_ERROR;
				CLANG_WARN_RANGE_LOOP_ANALYSIS = YES;
				CLANG_WARN_STRICT_PROTOTYPES = YES;
				CLANG_WARN_SUSPICIOUS_MOVE = YES;
				CLANG_WARN_UNGUARDED_AVAILABILITY = YES_AGGRESSIVE;
				CLANG_WARN_UNREACHABLE_CODE = YES;
				CLANG_WARN__DUPLICATE_METHOD_MATCH = YES;
				CODE_SIGN_IDENTITY = "iPhone Developer";
				COPY_PHASE_STRIP = NO;
				DEBUG_INFORMATION_FORMAT = dwarf;
				ENABLE_STRICT_OBJC_MSGSEND = YES;
				ENABLE_TESTABILITY = YES;
				GCC_C_LANGUAGE_STANDARD = gnu11;
				GCC_DYNAMIC_NO_PIC = NO;
				GCC_NO_COMMON_BLOCKS = YES;
				GCC_OPTIMIZATION_LEVEL = 0;
				GCC_PREPROCESSOR_DEFINITIONS = (
					"DEBUG=1",
					"$(inherited)",
				);
				GCC_WARN_64_TO_32_BIT_CONVERSION = YES;
				GCC_WARN_ABOUT_RETURN_TYPE = YES_ERROR;
				GCC_WARN_UNDECLARED_SELECTOR = YES;
				GCC_WARN_UNINITIALIZED_AUTOS = YES_AGGRESSIVE;
				GCC_WARN_UNUSED_FUNCTION = YES;
				GCC_WARN_UNUSED_VARIABLE = YES;
				IPHONEOS_DEPLOYMENT_TARGET = 11.4;
				MTL_ENABLE_DEBUG_INFO = YES;
				ONLY_ACTIVE_ARCH = YES;
				SDKROOT = iphoneos;
				SWIFT_ACTIVE_COMPILATION_CONDITIONS = DEBUG;
				SWIFT_OPTIMIZATION_LEVEL = "-Onone";
			};
			name = Debug;
		};
		948AED492110EBB3006102E8 /* Release */ = {
			isa = XCBuildConfiguration;
			buildSettings = {
				ALWAYS_SEARCH_USER_PATHS = NO;
				CLANG_ANALYZER_NONNULL = YES;
				CLANG_ANALYZER_NUMBER_OBJECT_CONVERSION = YES_AGGRESSIVE;
				CLANG_CXX_LANGUAGE_STANDARD = "gnu++14";
				CLANG_CXX_LIBRARY = "libc++";
				CLANG_ENABLE_MODULES = YES;
				CLANG_ENABLE_OBJC_ARC = YES;
				CLANG_ENABLE_OBJC_WEAK = YES;
				CLANG_WARN_BLOCK_CAPTURE_AUTORELEASING = YES;
				CLANG_WARN_BOOL_CONVERSION = YES;
				CLANG_WARN_COMMA = YES;
				CLANG_WARN_CONSTANT_CONVERSION = YES;
				CLANG_WARN_DEPRECATED_OBJC_IMPLEMENTATIONS = YES;
				CLANG_WARN_DIRECT_OBJC_ISA_USAGE = YES_ERROR;
				CLANG_WARN_DOCUMENTATION_COMMENTS = YES;
				CLANG_WARN_EMPTY_BODY = YES;
				CLANG_WARN_ENUM_CONVERSION = YES;
				CLANG_WARN_INFINITE_RECURSION = YES;
				CLANG_WARN_INT_CONVERSION = YES;
				CLANG_WARN_NON_LITERAL_NULL_CONVERSION = YES;
				CLANG_WARN_OBJC_IMPLICIT_RETAIN_SELF = YES;
				CLANG_WARN_OBJC_LITERAL_CONVERSION = YES;
				CLANG_WARN_OBJC_ROOT_CLASS = YES_ERROR;
				CLANG_WARN_RANGE_LOOP_ANALYSIS = YES;
				CLANG_WARN_STRICT_PROTOTYPES = YES;
				CLANG_WARN_SUSPICIOUS_MOVE = YES;
				CLANG_WARN_UNGUARDED_AVAILABILITY = YES_AGGRESSIVE;
				CLANG_WARN_UNREACHABLE_CODE = YES;
				CLANG_WARN__DUPLICATE_METHOD_MATCH = YES;
				CODE_SIGN_IDENTITY = "iPhone Developer";
				COPY_PHASE_STRIP = NO;
				DEBUG_INFORMATION_FORMAT = "dwarf-with-dsym";
				ENABLE_NS_ASSERTIONS = NO;
				ENABLE_STRICT_OBJC_MSGSEND = YES;
				GCC_C_LANGUAGE_STANDARD = gnu11;
				GCC_NO_COMMON_BLOCKS = YES;
				GCC_WARN_64_TO_32_BIT_CONVERSION = YES;
				GCC_WARN_ABOUT_RETURN_TYPE = YES_ERROR;
				GCC_WARN_UNDECLARED_SELECTOR = YES;
				GCC_WARN_UNINITIALIZED_AUTOS = YES_AGGRESSIVE;
				GCC_WARN_UNUSED_FUNCTION = YES;
				GCC_WARN_UNUSED_VARIABLE = YES;
				IPHONEOS_DEPLOYMENT_TARGET = 11.4;
				MTL_ENABLE_DEBUG_INFO = NO;
				SDKROOT = iphoneos;
				SWIFT_COMPILATION_MODE = wholemodule;
				SWIFT_OPTIMIZATION_LEVEL = "-O";
				VALIDATE_PRODUCT = YES;
			};
			name = Release;
		};
		948AED4B2110EBB3006102E8 /* Debug */ = {
			isa = XCBuildConfiguration;
			buildSettings = {
				ASSETCATALOG_COMPILER_APPICON_NAME = AppIcon;
				CODE_SIGN_STYLE = Automatic;
				INFOPLIST_FILE = Newpets/Info.plist;
				LD_RUNPATH_SEARCH_PATHS = (
					"$(inherited)",
					"@executable_path/Frameworks",
				);
				PRODUCT_BUNDLE_IDENTIFIER = iyin.Newpets;
				PRODUCT_NAME = "$(TARGET_NAME)";
				SWIFT_VERSION = 4.0;
				TARGETED_DEVICE_FAMILY = "1,2";
			};
			name = Debug;
		};
		948AED4C2110EBB3006102E8 /* Release */ = {
			isa = XCBuildConfiguration;
			buildSettings = {
				ASSETCATALOG_COMPILER_APPICON_NAME = AppIcon;
				CODE_SIGN_STYLE = Automatic;
				INFOPLIST_FILE = Newpets/Info.plist;
				LD_RUNPATH_SEARCH_PATHS = (
					"$(inherited)",
					"@executable_path/Frameworks",
				);
				PRODUCT_BUNDLE_IDENTIFIER = iyin.Newpets;
				PRODUCT_NAME = "$(TARGET_NAME)";
				SWIFT_VERSION = 4.0;
				TARGETED_DEVICE_FAMILY = "1,2";
			};
			name = Release;
		};
/* End XCBuildConfiguration section */

/* Begin XCConfigurationList section */
		948AED332110EB8A006102E8 /* Build configuration list for PBXProject "Newpets" */ = {
			isa = XCConfigurationList;
			buildConfigurations = (
				948AED482110EBB3006102E8 /* Debug */,
				948AED492110EBB3006102E8 /* Release */,
			);
			defaultConfigurationIsVisible = 0;
			defaultConfigurationName = Release;
		};
		948AED4A2110EBB3006102E8 /* Build configuration list for PBXNativeTarget "Newpets" */ = {
			isa = XCConfigurationList;
			buildConfigurations = (
				948AED4B2110EBB3006102E8 /* Debug */,
				948AED4C2110EBB3006102E8 /* Release */,
			);
			defaultConfigurationIsVisible = 0;
			defaultConfigurationName = Release;
		};
/* End XCConfigurationList section */
	};
	rootObject = 948AED302110EB8A006102E8 /* Project object */;
}
